// !$*UTF8*$!
{
	archiveVersion = 1;
	classes = {
	};
	objectVersion = 56;
	objects = {

/* Begin PBXBuildFile section */
		D1D753A02AE6B60700B1993D /* AppDelegate.swift in Sources */ = {isa = PBXBuildFile; fileRef = D1D7539F2AE6B60700B1993D /* AppDelegate.swift */; };
		D1D753A42AE6B60700B1993D /* ViewController.swift in Sources */ = {isa = PBXBuildFile; fileRef = D1D753A32AE6B60700B1993D /* ViewController.swift */; };
		D1D753AA2AE6B60700B1993D /* TheYoungHeroesOfNeonAcademy.xcdatamodeld in Sources */ = {isa = PBXBuildFile; fileRef = D1D753A82AE6B60700B1993D /* TheYoungHeroesOfNeonAcademy.xcdatamodeld */; };
		D1D753AC2AE6B60900B1993D /* Assets.xcassets in Resources */ = {isa = PBXBuildFile; fileRef = D1D753AB2AE6B60900B1993D /* Assets.xcassets */; };
		D1D753AF2AE6B60900B1993D /* LaunchScreen.storyboard in Resources */ = {isa = PBXBuildFile; fileRef = D1D753AD2AE6B60900B1993D /* LaunchScreen.storyboard */; };
		D1D753B82AE6B74A00B1993D /* SnapKit in Frameworks */ = {isa = PBXBuildFile; productRef = D1D753B72AE6B74A00B1993D /* SnapKit */; };
		D1D753BA2AE6B74A00B1993D /* SnapKit-Dynamic in Frameworks */ = {isa = PBXBuildFile; productRef = D1D753B92AE6B74A00B1993D /* SnapKit-Dynamic */; };
/* End PBXBuildFile section */

/* Begin PBXFileReference section */
		D1D7539C2AE6B60700B1993D /* TheYoungHeroesOfNeonAcademy.app */ = {isa = PBXFileReference; explicitFileType = wrapper.application; includeInIndex = 0; path = TheYoungHeroesOfNeonAcademy.app; sourceTree = BUILT_PRODUCTS_DIR; };
		D1D7539F2AE6B60700B1993D /* AppDelegate.swift */ = {isa = PBXFileReference; lastKnownFileType = sourcecode.swift; path = AppDelegate.swift; sourceTree = "<group>"; };
		D1D753A32AE6B60700B1993D /* ViewController.swift */ = {isa = PBXFileReference; lastKnownFileType = sourcecode.swift; path = ViewController.swift; sourceTree = "<group>"; };
		D1D753A92AE6B60700B1993D /* TheYoungHeroesOfNeonAcademy.xcdatamodel */ = {isa = PBXFileReference; lastKnownFileType = wrapper.xcdatamodel; path = TheYoungHeroesOfNeonAcademy.xcdatamodel; sourceTree = "<group>"; };
		D1D753AB2AE6B60900B1993D /* Assets.xcassets */ = {isa = PBXFileReference; lastKnownFileType = folder.assetcatalog; path = Assets.xcassets; sourceTree = "<group>"; };
		D1D753AE2AE6B60900B1993D /* Base */ = {isa = PBXFileReference; lastKnownFileType = file.storyboard; name = Base; path = Base.lproj/LaunchScreen.storyboard; sourceTree = "<group>"; };
		D1D753B02AE6B60900B1993D /* Info.plist */ = {isa = PBXFileReference; lastKnownFileType = text.plist.xml; path = Info.plist; sourceTree = "<group>"; };
/* End PBXFileReference section */

/* Begin PBXFrameworksBuildPhase section */
		D1D753992AE6B60700B1993D /* Frameworks */ = {
			isa = PBXFrameworksBuildPhase;
			buildActionMask = 2147483647;
			files = (
				D1D753B82AE6B74A00B1993D /* SnapKit in Frameworks */,
				D1D753BA2AE6B74A00B1993D /* SnapKit-Dynamic in Frameworks */,
			);
			runOnlyForDeploymentPostprocessing = 0;
		};
/* End PBXFrameworksBuildPhase section */

/* Begin PBXGroup section */
		D1D753932AE6B60700B1993D = {
			isa = PBXGroup;
			children = (
				D1D7539E2AE6B60700B1993D /* TheYoungHeroesOfNeonAcademy */,
				D1D7539D2AE6B60700B1993D /* Products */,
			);
			sourceTree = "<group>";
		};
		D1D7539D2AE6B60700B1993D /* Products */ = {
			isa = PBXGroup;
			children = (
				D1D7539C2AE6B60700B1993D /* TheYoungHeroesOfNeonAcademy.app */,
			);
			name = Products;
			sourceTree = "<group>";
		};
		D1D7539E2AE6B60700B1993D /* TheYoungHeroesOfNeonAcademy */ = {
			isa = PBXGroup;
			children = (
				D1D7539F2AE6B60700B1993D /* AppDelegate.swift */,
				D1D753A32AE6B60700B1993D /* ViewController.swift */,
				D1D753AB2AE6B60900B1993D /* Assets.xcassets */,
				D1D753AD2AE6B60900B1993D /* LaunchScreen.storyboard */,
				D1D753B02AE6B60900B1993D /* Info.plist */,
				D1D753A82AE6B60700B1993D /* TheYoungHeroesOfNeonAcademy.xcdatamodeld */,
			);
			path = TheYoungHeroesOfNeonAcademy;
			sourceTree = "<group>";
		};
/* End PBXGroup section */

/* Begin PBXNativeTarget section */
		D1D7539B2AE6B60700B1993D /* TheYoungHeroesOfNeonAcademy */ = {
			isa = PBXNativeTarget;
			buildConfigurationList = D1D753B32AE6B60900B1993D /* Build configuration list for PBXNativeTarget "TheYoungHeroesOfNeonAcademy" */;
			buildPhases = (
				D1D753982AE6B60700B1993D /* Sources */,
				D1D753992AE6B60700B1993D /* Frameworks */,
				D1D7539A2AE6B60700B1993D /* Resources */,
			);
			buildRules = (
			);
			dependencies = (
			);
			name = TheYoungHeroesOfNeonAcademy;
			packageProductDependencies = (
				D1D753B72AE6B74A00B1993D /* SnapKit */,
				D1D753B92AE6B74A00B1993D /* SnapKit-Dynamic */,
			);
			productName = TheYoungHeroesOfNeonAcademy;
			productReference = D1D7539C2AE6B60700B1993D /* TheYoungHeroesOfNeonAcademy.app */;
			productType = "com.apple.product-type.application";
		};
/* End PBXNativeTarget section */

/* Begin PBXProject section */
		D1D753942AE6B60700B1993D /* Project object */ = {
			isa = PBXProject;
			attributes = {
				BuildIndependentTargetsInParallel = 1;
				LastSwiftUpdateCheck = 1500;
				LastUpgradeCheck = 1500;
				TargetAttributes = {
					D1D7539B2AE6B60700B1993D = {
						CreatedOnToolsVersion = 15.0;
					};
				};
			};
			buildConfigurationList = D1D753972AE6B60700B1993D /* Build configuration list for PBXProject "TheYoungHeroesOfNeonAcademy" */;
			compatibilityVersion = "Xcode 14.0";
			developmentRegion = en;
			hasScannedForEncodings = 0;
			knownRegions = (
				en,
				Base,
			);
			mainGroup = D1D753932AE6B60700B1993D;
			packageReferences = (
				D1D753B62AE6B74A00B1993D /* XCRemoteSwiftPackageReference "SnapKit" */,
			);
			productRefGroup = D1D7539D2AE6B60700B1993D /* Products */;
			projectDirPath = "";
			projectRoot = "";
			targets = (
				D1D7539B2AE6B60700B1993D /* TheYoungHeroesOfNeonAcademy */,
			);
		};
/* End PBXProject section */

/* Begin PBXResourcesBuildPhase section */
		D1D7539A2AE6B60700B1993D /* Resources */ = {
			isa = PBXResourcesBuildPhase;
			buildActionMask = 2147483647;
			files = (
				D1D753AF2AE6B60900B1993D /* LaunchScreen.storyboard in Resources */,
				D1D753AC2AE6B60900B1993D /* Assets.xcassets in Resources */,
			);
			runOnlyForDeploymentPostprocessing = 0;
		};
/* End PBXResourcesBuildPhase section */

/* Begin PBXSourcesBuildPhase section */
		D1D753982AE6B60700B1993D /* Sources */ = {
			isa = PBXSourcesBuildPhase;
			buildActionMask = 2147483647;
			files = (
				D1D753A42AE6B60700B1993D /* ViewController.swift in Sources */,
				D1D753A02AE6B60700B1993D /* AppDelegate.swift in Sources */,
				D1D753AA2AE6B60700B1993D /* TheYoungHeroesOfNeonAcademy.xcdatamodeld in Sources */,
			);
			runOnlyForDeploymentPostprocessing = 0;
		};
/* End PBXSourcesBuildPhase section */

/* Begin PBXVariantGroup section */
		D1D753AD2AE6B60900B1993D /* LaunchScreen.storyboard */ = {
			isa = PBXVariantGroup;
			children = (
				D1D753AE2AE6B60900B1993D /* Base */,
			);
			name = LaunchScreen.storyboard;
			sourceTree = "<group>";
		};
/* End PBXVariantGroup section */

/* Begin XCBuildConfiguration section */
		D1D753B12AE6B60900B1993D /* Debug */ = {
			isa = XCBuildConfiguration;
			buildSettings = {
				ALWAYS_SEARCH_USER_PATHS = NO;
				ASSETCATALOG_COMPILER_GENERATE_SWIFT_ASSET_SYMBOL_EXTENSIONS = YES;
				CLANG_ANALYZER_NONNULL = YES;
				CLANG_ANALYZER_NUMBER_OBJECT_CONVERSION = YES_AGGRESSIVE;
				CLANG_CXX_LANGUAGE_STANDARD = "gnu++20";
				CLANG_ENABLE_MODULES = YES;
				CLANG_ENABLE_OBJC_ARC = YES;
				CLANG_ENABLE_OBJC_WEAK = YES;
				CLANG_WARN_BLOCK_CAPTURE_AUTORELEASING = YES;
				CLANG_WARN_BOOL_CONVERSION = YES;
				CLANG_WARN_COMMA = YES;
				CLANG_WARN_CONSTANT_CONVERSION = YES;
				CLANG_WARN_DEPRECATED_OBJC_IMPLEMENTATIONS = YES;
				CLANG_WARN_DIRECT_OBJC_ISA_USAGE = YES_ERROR;
				CLANG_WARN_DOCUMENTATION_COMMENTS = YES;
				CLANG_WARN_EMPTY_BODY = YES;
				CLANG_WARN_ENUM_CONVERSION = YES;
				CLANG_WARN_INFINITE_RECURSION = YES;
				CLANG_WARN_INT_CONVERSION = YES;
				CLANG_WARN_NON_LITERAL_NULL_CONVERSION = YES;
				CLANG_WARN_OBJC_IMPLICIT_RETAIN_SELF = YES;
				CLANG_WARN_OBJC_LITERAL_CONVERSION = YES;
				CLANG_WARN_OBJC_ROOT_CLASS = YES_ERROR;
				CLANG_WARN_QUOTED_INCLUDE_IN_FRAMEWORK_HEADER = YES;
				CLANG_WARN_RANGE_LOOP_ANALYSIS = YES;
				CLANG_WARN_STRICT_PROTOTYPES = YES;
				CLANG_WARN_SUSPICIOUS_MOVE = YES;
				CLANG_WARN_UNGUARDED_AVAILABILITY = YES_AGGRESSIVE;
				CLANG_WARN_UNREACHABLE_CODE = YES;
				CLANG_WARN__DUPLICATE_METHOD_MATCH = YES;
				COPY_PHASE_STRIP = NO;
				DEBUG_INFORMATION_FORMAT = dwarf;
				ENABLE_STRICT_OBJC_MSGSEND = YES;
				ENABLE_TESTABILITY = YES;
				ENABLE_USER_SCRIPT_SANDBOXING = YES;
				GCC_C_LANGUAGE_STANDARD = gnu17;
				GCC_DYNAMIC_NO_PIC = NO;
				GCC_NO_COMMON_BLOCKS = YES;
				GCC_OPTIMIZATION_LEVEL = 0;
				GCC_PREPROCESSOR_DEFINITIONS = (
					"DEBUG=1",
					"$(inherited)",
				);
				GCC_WARN_64_TO_32_BIT_CONVERSION = YES;
				GCC_WARN_ABOUT_RETURN_TYPE = YES_ERROR;
				GCC_WARN_UNDECLARED_SELECTOR = YES;
				GCC_WARN_UNINITIALIZED_AUTOS = YES_AGGRESSIVE;
				GCC_WARN_UNUSED_FUNCTION = YES;
				GCC_WARN_UNUSED_VARIABLE = YES;
				IPHONEOS_DEPLOYMENT_TARGET = 17.0;
				LOCALIZATION_PREFERS_STRING_CATALOGS = YES;
				MTL_ENABLE_DEBUG_INFO = INCLUDE_SOURCE;
				MTL_FAST_MATH = YES;
				ONLY_ACTIVE_ARCH = YES;
				SDKROOT = iphoneos;
				SWIFT_ACTIVE_COMPILATION_CONDITIONS = "DEBUG $(inherited)";
				SWIFT_OPTIMIZATION_LEVEL = "-Onone";
			};
			name = Debug;
		};
		D1D753B22AE6B60900B1993D /* Release */ = {
			isa = XCBuildConfiguration;
			buildSettings = {
				ALWAYS_SEARCH_USER_PATHS = NO;
				ASSETCATALOG_COMPILER_GENERATE_SWIFT_ASSET_SYMBOL_EXTENSIONS = YES;
				CLANG_ANALYZER_NONNULL = YES;
				CLANG_ANALYZER_NUMBER_OBJECT_CONVERSION = YES_AGGRESSIVE;
				CLANG_CXX_LANGUAGE_STANDARD = "gnu++20";
				CLANG_ENABLE_MODULES = YES;
				CLANG_ENABLE_OBJC_ARC = YES;
				CLANG_ENABLE_OBJC_WEAK = YES;
				CLANG_WARN_BLOCK_CAPTURE_AUTORELEASING = YES;
				CLANG_WARN_BOOL_CONVERSION = YES;
				CLANG_WARN_COMMA = YES;
				CLANG_WARN_CONSTANT_CONVERSION = YES;
				CLANG_WARN_DEPRECATED_OBJC_IMPLEMENTATIONS = YES;
				CLANG_WARN_DIRECT_OBJC_ISA_USAGE = YES_ERROR;
				CLANG_WARN_DOCUMENTATION_COMMENTS = YES;
				CLANG_WARN_EMPTY_BODY = YES;
				CLANG_WARN_ENUM_CONVERSION = YES;
				CLANG_WARN_INFINITE_RECURSION = YES;
				CLANG_WARN_INT_CONVERSION = YES;
				CLANG_WARN_NON_LITERAL_NULL_CONVERSION = YES;
				CLANG_WARN_OBJC_IMPLICIT_RETAIN_SELF = YES;
				CLANG_WARN_OBJC_LITERAL_CONVERSION = YES;
				CLANG_WARN_OBJC_ROOT_CLASS = YES_ERROR;
				CLANG_WARN_QUOTED_INCLUDE_IN_FRAMEWORK_HEADER = YES;
				CLANG_WARN_RANGE_LOOP_ANALYSIS = YES;
				CLANG_WARN_STRICT_PROTOTYPES = YES;
				CLANG_WARN_SUSPICIOUS_MOVE = YES;
				CLANG_WARN_UNGUARDED_AVAILABILITY = YES_AGGRESSIVE;
				CLANG_WARN_UNREACHABLE_CODE = YES;
				CLANG_WARN__DUPLICATE_METHOD_MATCH = YES;
				COPY_PHASE_STRIP = NO;
				DEBUG_INFORMATION_FORMAT = "dwarf-with-dsym";
				ENABLE_NS_ASSERTIONS = NO;
				ENABLE_STRICT_OBJC_MSGSEND = YES;
				ENABLE_USER_SCRIPT_SANDBOXING = YES;
				GCC_C_LANGUAGE_STANDARD = gnu17;
				GCC_NO_COMMON_BLOCKS = YES;
				GCC_WARN_64_TO_32_BIT_CONVERSION = YES;
				GCC_WARN_ABOUT_RETURN_TYPE = YES_ERROR;
				GCC_WARN_UNDECLARED_SELECTOR = YES;
				GCC_WARN_UNINITIALIZED_AUTOS = YES_AGGRESSIVE;
				GCC_WARN_UNUSED_FUNCTION = YES;
				GCC_WARN_UNUSED_VARIABLE = YES;
				IPHONEOS_DEPLOYMENT_TARGET = 17.0;
				LOCALIZATION_PREFERS_STRING_CATALOGS = YES;
				MTL_ENABLE_DEBUG_INFO = NO;
				MTL_FAST_MATH = YES;
				SDKROOT = iphoneos;
				SWIFT_COMPILATION_MODE = wholemodule;
				VALIDATE_PRODUCT = YES;
			};
			name = Release;
		};
		D1D753B42AE6B60900B1993D /* Debug */ = {
			isa = XCBuildConfiguration;
			buildSettings = {
				ASSETCATALOG_COMPILER_APPICON_NAME = AppIcon;
				ASSETCATALOG_COMPILER_GLOBAL_ACCENT_COLOR_NAME = AccentColor;
				CODE_SIGN_STYLE = Automatic;
				CURRENT_PROJECT_VERSION = 1;
				DEVELOPMENT_TEAM = H75YPV3Z3N;
				GENERATE_INFOPLIST_FILE = YES;
				INFOPLIST_FILE = TheYoungHeroesOfNeonAcademy/Info.plist;
				INFOPLIST_KEY_UIApplicationSupportsIndirectInputEvents = YES;
				INFOPLIST_KEY_UILaunchStoryboardName = LaunchScreen;
				INFOPLIST_KEY_UISupportedInterfaceOrientations_iPad = "UIInterfaceOrientationPortrait UIInterfaceOrientationPortraitUpsideDown UIInterfaceOrientationLandscapeLeft UIInterfaceOrientationLandscapeRight";
				INFOPLIST_KEY_UISupportedInterfaceOrientations_iPhone = "UIInterfaceOrientationPortrait UIInterfaceOrientationLandscapeLeft UIInterfaceOrientationLandscapeRight";
				LD_RUNPATH_SEARCH_PATHS = (
					"$(inherited)",
					"@executable_path/Frameworks",
				);
				MARKETING_VERSION = 1.0;
				PRODUCT_BUNDLE_IDENTIFIER = CVS.TheYoungHeroesOfNeonAcademy;
				PRODUCT_NAME = "$(TARGET_NAME)";
				SWIFT_EMIT_LOC_STRINGS = YES;
				SWIFT_VERSION = 5.0;
				TARGETED_DEVICE_FAMILY = "1,2";
			};
			name = Debug;
		};
		D1D753B52AE6B60900B1993D /* Release */ = {
			isa = XCBuildConfiguration;
			buildSettings = {
				ASSETCATALOG_COMPILER_APPICON_NAME = AppIcon;
				ASSETCATALOG_COMPILER_GLOBAL_ACCENT_COLOR_NAME = AccentColor;
				CODE_SIGN_STYLE = Automatic;
				CURRENT_PROJECT_VERSION = 1;
				DEVELOPMENT_TEAM = H75YPV3Z3N;
				GENERATE_INFOPLIST_FILE = YES;
				INFOPLIST_FILE = TheYoungHeroesOfNeonAcademy/Info.plist;
				INFOPLIST_KEY_UIApplicationSupportsIndirectInputEvents = YES;
				INFOPLIST_KEY_UILaunchStoryboardName = LaunchScreen;
				INFOPLIST_KEY_UISupportedInterfaceOrientations_iPad = "UIInterfaceOrientationPortrait UIInterfaceOrientationPortraitUpsideDown UIInterfaceOrientationLandscapeLeft UIInterfaceOrientationLandscapeRight";
				INFOPLIST_KEY_UISupportedInterfaceOrientations_iPhone = "UIInterfaceOrientationPortrait UIInterfaceOrientationLandscapeLeft UIInterfaceOrientationLandscapeRight";
				LD_RUNPATH_SEARCH_PATHS = (
					"$(inherited)",
					"@executable_path/Frameworks",
				);
				MARKETING_VERSION = 1.0;
				PRODUCT_BUNDLE_IDENTIFIER = CVS.TheYoungHeroesOfNeonAcademy;
				PRODUCT_NAME = "$(TARGET_NAME)";
				SWIFT_EMIT_LOC_STRINGS = YES;
				SWIFT_VERSION = 5.0;
				TARGETED_DEVICE_FAMILY = "1,2";
			};
			name = Release;
		};
/* End XCBuildConfiguration section */

/* Begin XCConfigurationList section */
		D1D753972AE6B60700B1993D /* Build configuration list for PBXProject "TheYoungHeroesOfNeonAcademy" */ = {
			isa = XCConfigurationList;
			buildConfigurations = (
				D1D753B12AE6B60900B1993D /* Debug */,
				D1D753B22AE6B60900B1993D /* Release */,
			);
			defaultConfigurationIsVisible = 0;
			defaultConfigurationName = Release;
		};
		D1D753B32AE6B60900B1993D /* Build configuration list for PBXNativeTarget "TheYoungHeroesOfNeonAcademy" */ = {
			isa = XCConfigurationList;
			buildConfigurations = (
				D1D753B42AE6B60900B1993D /* Debug */,
				D1D753B52AE6B60900B1993D /* Release */,
			);
			defaultConfigurationIsVisible = 0;
			defaultConfigurationName = Release;
		};
/* End XCConfigurationList section */

/* Begin XCRemoteSwiftPackageReference section */
		D1D753B62AE6B74A00B1993D /* XCRemoteSwiftPackageReference "SnapKit" */ = {
			isa = XCRemoteSwiftPackageReference;
			repositoryURL = "https://github.com/SnapKit/SnapKit.git";
			requirement = {
				kind = upToNextMajorVersion;
				minimumVersion = 5.6.0;
			};
		};
/* End XCRemoteSwiftPackageReference section */

/* Begin XCSwiftPackageProductDependency section */
		D1D753B72AE6B74A00B1993D /* SnapKit */ = {
			isa = XCSwiftPackageProductDependency;
			package = D1D753B62AE6B74A00B1993D /* XCRemoteSwiftPackageReference "SnapKit" */;
			productName = SnapKit;
		};
		D1D753B92AE6B74A00B1993D /* SnapKit-Dynamic */ = {
			isa = XCSwiftPackageProductDependency;
			package = D1D753B62AE6B74A00B1993D /* XCRemoteSwiftPackageReference "SnapKit" */;
			productName = "SnapKit-Dynamic";
		};
/* End XCSwiftPackageProductDependency section */

/* Begin XCVersionGroup section */
		D1D753A82AE6B60700B1993D /* TheYoungHeroesOfNeonAcademy.xcdatamodeld */ = {
			isa = XCVersionGroup;
			children = (
				D1D753A92AE6B60700B1993D /* TheYoungHeroesOfNeonAcademy.xcdatamodel */,
			);
			currentVersion = D1D753A92AE6B60700B1993D /* TheYoungHeroesOfNeonAcademy.xcdatamodel */;
			path = TheYoungHeroesOfNeonAcademy.xcdatamodeld;
			sourceTree = "<group>";
			versionGroupType = wrapper.xcdatamodel;
		};
/* End XCVersionGroup section */
	};
	rootObject = D1D753942AE6B60700B1993D /* Project object */;
}
